
Microsoft Visual Studio Solution File, Format Version 12.00
# Visual Studio 15
VisualStudioVersion = 15.0.26228.4
MinimumVisualStudioVersion = 10.0.40219.1
Project("{FAE04EC0-301F-11D3-BF4B-00C04F79EFBC}") = "EApp", "EApp\EApp\EApp.csproj", "{7822A85B-C0FA-44DC-BDB6-20C5749FFE54}"
EndProject
Project("{FAE04EC0-301F-11D3-BF4B-00C04F79EFBC}") = "EApp.Droid", "EApp\EApp.Droid\EApp.Droid.csproj", "{48CBAD8F-170F-423D-BCBE-25086A62AAB6}"
EndProject
Project("{FAE04EC0-301F-11D3-BF4B-00C04F79EFBC}") = "EApp.iOS", "EApp\EApp.iOS\EApp.iOS.csproj", "{063B80AB-99CD-4BAB-ACB4-CF751F6D5EA9}"
EndProject
Global
	GlobalSection(SolutionConfigurationPlatforms) = preSolution
		Ad-Hoc|Any CPU = Ad-Hoc|Any CPU
		Ad-Hoc|iPhone = Ad-Hoc|iPhone
		Ad-Hoc|iPhoneSimulator = Ad-Hoc|iPhoneSimulator
		AppStore|Any CPU = AppStore|Any CPU
		AppStore|iPhone = AppStore|iPhone
		AppStore|iPhoneSimulator = AppStore|iPhoneSimulator
		Debug|Any CPU = Debug|Any CPU
		Debug|iPhone = Debug|iPhone
		Debug|iPhoneSimulator = Debug|iPhoneSimulator
		Release|Any CPU = Release|Any CPU
		Release|iPhone = Release|iPhone
		Release|iPhoneSimulator = Release|iPhoneSimulator
	EndGlobalSection
	GlobalSection(ProjectConfigurationPlatforms) = postSolution
		{7822A85B-C0FA-44DC-BDB6-20C5749FFE54}.Ad-Hoc|Any CPU.ActiveCfg = Debug|Any CPU
		{7822A85B-C0FA-44DC-BDB6-20C5749FFE54}.Ad-Hoc|Any CPU.Build.0 = Debug|Any CPU
		{7822A85B-C0FA-44DC-BDB6-20C5749FFE54}.Ad-Hoc|iPhone.ActiveCfg = Debug|Any CPU
		{7822A85B-C0FA-44DC-BDB6-20C5749FFE54}.Ad-Hoc|iPhone.Build.0 = Debug|Any CPU
		{7822A85B-C0FA-44DC-BDB6-20C5749FFE54}.Ad-Hoc|iPhoneSimulator.ActiveCfg = Debug|Any CPU
		{7822A85B-C0FA-44DC-BDB6-20C5749FFE54}.Ad-Hoc|iPhoneSimulator.Build.0 = Debug|Any CPU
		{7822A85B-C0FA-44DC-BDB6-20C5749FFE54}.AppStore|Any CPU.ActiveCfg = Debug|Any CPU
		{7822A85B-C0FA-44DC-BDB6-20C5749FFE54}.AppStore|Any CPU.Build.0 = Debug|Any CPU
		{7822A85B-C0FA-44DC-BDB6-20C5749FFE54}.AppStore|iPhone.ActiveCfg = Debug|Any CPU
		{7822A85B-C0FA-44DC-BDB6-20C5749FFE54}.AppStore|iPhone.Build.0 = Debug|Any CPU
		{7822A85B-C0FA-44DC-BDB6-20C5749FFE54}.AppStore|iPhoneSimulator.ActiveCfg = Debug|Any CPU
		{7822A85B-C0FA-44DC-BDB6-20C5749FFE54}.AppStore|iPhoneSimulator.Build.0 = Debug|Any CPU
		{7822A85B-C0FA-44DC-BDB6-20C5749FFE54}.Debug|Any CPU.ActiveCfg = Debug|Any CPU
		{7822A85B-C0FA-44DC-BDB6-20C5749FFE54}.Debug|Any CPU.Build.0 = Debug|Any CPU
		{7822A85B-C0FA-44DC-BDB6-20C5749FFE54}.Debug|iPhone.ActiveCfg = Debug|Any CPU
		{7822A85B-C0FA-44DC-BDB6-20C5749FFE54}.Debug|iPhone.Build.0 = Debug|Any CPU
		{7822A85B-C0FA-44DC-BDB6-20C5749FFE54}.Debug|iPhoneSimulator.ActiveCfg = Debug|Any CPU
		{7822A85B-C0FA-44DC-BDB6-20C5749FFE54}.Debug|iPhoneSimulator.Build.0 = Debug|Any CPU
		{7822A85B-C0FA-44DC-BDB6-20C5749FFE54}.Release|Any CPU.ActiveCfg = Debug|Any CPU
		{7822A85B-C0FA-44DC-BDB6-20C5749FFE54}.Release|Any CPU.Build.0 = Debug|Any CPU
		{7822A85B-C0FA-44DC-BDB6-20C5749FFE54}.Release|iPhone.ActiveCfg = Debug|Any CPU
		{7822A85B-C0FA-44DC-BDB6-20C5749FFE54}.Release|iPhone.Build.0 = Debug|Any CPU
		{7822A85B-C0FA-44DC-BDB6-20C5749FFE54}.Release|iPhoneSimulator.ActiveCfg = Debug|Any CPU
		{7822A85B-C0FA-44DC-BDB6-20C5749FFE54}.Release|iPhoneSimulator.Build.0 = Debug|Any CPU
		{48CBAD8F-170F-423D-BCBE-25086A62AAB6}.Ad-Hoc|Any CPU.ActiveCfg = Debug|Any CPU
		{48CBAD8F-170F-423D-BCBE-25086A62AAB6}.Ad-Hoc|Any CPU.Build.0 = Debug|Any CPU
		{48CBAD8F-170F-423D-BCBE-25086A62AAB6}.Ad-Hoc|Any CPU.Deploy.0 = Debug|Any CPU
		{48CBAD8F-170F-423D-BCBE-25086A62AAB6}.Ad-Hoc|iPhone.ActiveCfg = Debug|Any CPU
		{48CBAD8F-170F-423D-BCBE-25086A62AAB6}.Ad-Hoc|iPhone.Build.0 = Debug|Any CPU
		{48CBAD8F-170F-423D-BCBE-25086A62AAB6}.Ad-Hoc|iPhone.Deploy.0 = Debug|Any CPU
		{48CBAD8F-170F-423D-BCBE-25086A62AAB6}.Ad-Hoc|iPhoneSimulator.ActiveCfg = Debug|Any CPU
		{48CBAD8F-170F-423D-BCBE-25086A62AAB6}.Ad-Hoc|iPhoneSimulator.Build.0 = Debug|Any CPU
		{48CBAD8F-170F-423D-BCBE-25086A62AAB6}.Ad-Hoc|iPhoneSimulator.Deploy.0 = Debug|Any CPU
		{48CBAD8F-170F-423D-BCBE-25086A62AAB6}.AppStore|Any CPU.ActiveCfg = Debug|Any CPU
		{48CBAD8F-170F-423D-BCBE-25086A62AAB6}.AppStore|Any CPU.Build.0 = Debug|Any CPU
		{48CBAD8F-170F-423D-BCBE-25086A62AAB6}.AppStore|Any CPU.Deploy.0 = Debug|Any CPU
		{48CBAD8F-170F-423D-BCBE-25086A62AAB6}.AppStore|iPhone.ActiveCfg = Debug|Any CPU
		{48CBAD8F-170F-423D-BCBE-25086A62AAB6}.AppStore|iPhone.Build.0 = Debug|Any CPU
		{48CBAD8F-170F-423D-BCBE-25086A62AAB6}.AppStore|iPhone.Deploy.0 = Debug|Any CPU
		{48CBAD8F-170F-423D-BCBE-25086A62AAB6}.AppStore|iPhoneSimulator.ActiveCfg = Debug|Any CPU
		{48CBAD8F-170F-423D-BCBE-25086A62AAB6}.AppStore|iPhoneSimulator.Build.0 = Debug|Any CPU
		{48CBAD8F-170F-423D-BCBE-25086A62AAB6}.AppStore|iPhoneSimulator.Deploy.0 = Debug|Any CPU
		{48CBAD8F-170F-423D-BCBE-25086A62AAB6}.Debug|Any CPU.ActiveCfg = Debug|Any CPU
		{48CBAD8F-170F-423D-BCBE-25086A62AAB6}.Debug|Any CPU.Build.0 = Debug|Any CPU
		{48CBAD8F-170F-423D-BCBE-25086A62AAB6}.Debug|Any CPU.Deploy.0 = Debug|Any CPU
		{48CBAD8F-170F-423D-BCBE-25086A62AAB6}.Debug|iPhone.ActiveCfg = Debug|Any CPU
		{48CBAD8F-170F-423D-BCBE-25086A62AAB6}.Debug|iPhone.Build.0 = Debug|Any CPU
		{48CBAD8F-170F-423D-BCBE-25086A62AAB6}.Debug|iPhone.Deploy.0 = Debug|Any CPU
		{48CBAD8F-170F-423D-BCBE-25086A62AAB6}.Debug|iPhoneSimulator.ActiveCfg = Debug|Any CPU
		{48CBAD8F-170F-423D-BCBE-25086A62AAB6}.Debug|iPhoneSimulator.Build.0 = Debug|Any CPU
		{48CBAD8F-170F-423D-BCBE-25086A62AAB6}.Debug|iPhoneSimulator.Deploy.0 = Debug|Any CPU
		{48CBAD8F-170F-423D-BCBE-25086A62AAB6}.Release|Any CPU.ActiveCfg = Debug|Any CPU
		{48CBAD8F-170F-423D-BCBE-25086A62AAB6}.Release|Any CPU.Build.0 = Debug|Any CPU
		{48CBAD8F-170F-423D-BCBE-25086A62AAB6}.Release|Any CPU.Deploy.0 = Debug|Any CPU
		{48CBAD8F-170F-423D-BCBE-25086A62AAB6}.Release|iPhone.ActiveCfg = Debug|Any CPU
		{48CBAD8F-170F-423D-BCBE-25086A62AAB6}.Release|iPhone.Build.0 = Debug|Any CPU
		{48CBAD8F-170F-423D-BCBE-25086A62AAB6}.Release|iPhone.Deploy.0 = Debug|Any CPU
		{48CBAD8F-170F-423D-BCBE-25086A62AAB6}.Release|iPhoneSimulator.ActiveCfg = Debug|Any CPU
		{48CBAD8F-170F-423D-BCBE-25086A62AAB6}.Release|iPhoneSimulator.Build.0 = Debug|Any CPU
		{48CBAD8F-170F-423D-BCBE-25086A62AAB6}.Release|iPhoneSimulator.Deploy.0 = Debug|Any CPU
		{063B80AB-99CD-4BAB-ACB4-CF751F6D5EA9}.Ad-Hoc|Any CPU.ActiveCfg = Debug|iPhoneSimulator
		{063B80AB-99CD-4BAB-ACB4-CF751F6D5EA9}.Ad-Hoc|iPhone.ActiveCfg = Debug|iPhoneSimulator
		{063B80AB-99CD-4BAB-ACB4-CF751F6D5EA9}.Ad-Hoc|iPhone.Build.0 = Ad-Hoc|iPhone
		{063B80AB-99CD-4BAB-ACB4-CF751F6D5EA9}.Ad-Hoc|iPhoneSimulator.ActiveCfg = Debug|iPhoneSimulator
		{063B80AB-99CD-4BAB-ACB4-CF751F6D5EA9}.Ad-Hoc|iPhoneSimulator.Build.0 = Ad-Hoc|iPhoneSimulator
		{063B80AB-99CD-4BAB-ACB4-CF751F6D5EA9}.AppStore|Any CPU.ActiveCfg = Debug|iPhoneSimulator
		{063B80AB-99CD-4BAB-ACB4-CF751F6D5EA9}.AppStore|iPhone.ActiveCfg = Debug|iPhoneSimulator
		{063B80AB-99CD-4BAB-ACB4-CF751F6D5EA9}.AppStore|iPhone.Build.0 = AppStore|iPhone
		{063B80AB-99CD-4BAB-ACB4-CF751F6D5EA9}.AppStore|iPhoneSimulator.ActiveCfg = Debug|iPhoneSimulator
		{063B80AB-99CD-4BAB-ACB4-CF751F6D5EA9}.AppStore|iPhoneSimulator.Build.0 = AppStore|iPhoneSimulator
		{063B80AB-99CD-4BAB-ACB4-CF751F6D5EA9}.Debug|Any CPU.ActiveCfg = Debug|iPhoneSimulator
		{063B80AB-99CD-4BAB-ACB4-CF751F6D5EA9}.Debug|iPhone.ActiveCfg = Debug|iPhoneSimulator
		{063B80AB-99CD-4BAB-ACB4-CF751F6D5EA9}.Debug|iPhone.Build.0 = Debug|iPhone
		{063B80AB-99CD-4BAB-ACB4-CF751F6D5EA9}.Debug|iPhoneSimulator.ActiveCfg = Debug|iPhoneSimulator
		{063B80AB-99CD-4BAB-ACB4-CF751F6D5EA9}.Debug|iPhoneSimulator.Build.0 = Debug|iPhoneSimulator
		{063B80AB-99CD-4BAB-ACB4-CF751F6D5EA9}.Release|Any CPU.ActiveCfg = Debug|iPhoneSimulator
		{063B80AB-99CD-4BAB-ACB4-CF751F6D5EA9}.Release|iPhone.ActiveCfg = Debug|iPhoneSimulator
		{063B80AB-99CD-4BAB-ACB4-CF751F6D5EA9}.Release|iPhone.Build.0 = Release|iPhone
		{063B80AB-99CD-4BAB-ACB4-CF751F6D5EA9}.Release|iPhoneSimulator.ActiveCfg = Debug|iPhoneSimulator
		{063B80AB-99CD-4BAB-ACB4-CF751F6D5EA9}.Release|iPhoneSimulator.Build.0 = Release|iPhoneSimulator
	EndGlobalSection
	GlobalSection(SolutionProperties) = preSolution
		HideSolutionNode = FALSE
	EndGlobalSection
EndGlobal
